
Microsoft Visual Studio Solution File, Format Version 12.00
# Visual Studio Version 17
VisualStudioVersion = 17.6.33815.320
MinimumVisualStudioVersion = 10.0.40219.1
Project("{2150E333-8FDC-42A3-9474-1A3956D46DE8}") = "1-Presentation", "1-Presentation", "{E69B13C8-40B6-4F37-9C45-6494F54BC59C}"
EndProject
Project("{2150E333-8FDC-42A3-9474-1A3956D46DE8}") = "Src", "Src", "{64CC5A2C-A00D-44F0-A428-6858D24FC8C0}"
EndProject
Project("{2150E333-8FDC-42A3-9474-1A3956D46DE8}") = "2-Services", "2-Services", "{7B900355-C4EE-4CD0-9C6C-E2447927014E}"
EndProject
Project("{9A19103F-16F7-4668-BE54-9A1E7A4F7556}") = "TCM.Services", "src\2-Services\2.1-TCM.Services\TCM.Services.csproj", "{0BE1899B-0B3E-4473-BEE0-CFF75E5CB328}"
EndProject
Project("{2150E333-8FDC-42A3-9474-1A3956D46DE8}") = "3-Infrastructure", "3-Infrastructure", "{7675B6D0-F3BC-408B-9C74-68591C10442E}"
EndProject
Project("{2150E333-8FDC-42A3-9474-1A3956D46DE8}") = "3.1-Data", "3.1-Data", "{2D3568C6-5692-4B36-871D-FCB5C43E3526}"
EndProject
Project("{9A19103F-16F7-4668-BE54-9A1E7A4F7556}") = "TCM.Infrastructure.Data", "src\3-Infrastructure\3.1-TCM.Infra.Data\TCM.Infrastructure.Data.csproj", "{BFDA2DC6-DE7A-4C17-9865-07B1AB32CA9C}"
EndProject
Project("{2150E333-8FDC-42A3-9474-1A3956D46DE8}") = "4-Crosscutting", "4-Crosscutting", "{E9B5D196-D704-4DE3-9761-769AAF86DE9A}"
EndProject
Project("{9A19103F-16F7-4668-BE54-9A1E7A4F7556}") = "TCM.CrossCutting", "src\4-CrossCutting\4.1-CrossCutting\TCM.CrossCutting.csproj", "{BF65DF51-4D07-4D62-BBF2-74F2E8392082}"
EndProject
Project("{2150E333-8FDC-42A3-9474-1A3956D46DE8}") = "3.2 - Base", "3.2 - Base", "{FF1B0390-058F-4E0D-B052-ECA0C299E3AD}"
EndProject
Project("{00D1A9C2-B5F0-4AF3-8072-F6C62B433612}") = "TCM.Infrastructure.Data.Base", "src\3-Infrastructure\3.2-TCM-Base\TCM.Infrastructure.Data.Base\TCM.Infrastructure.Data.Base.sqlproj", "{EB2C0933-B991-4F5A-BB13-9B26DB677B1B}"
EndProject
Project("{2150E333-8FDC-42A3-9474-1A3956D46DE8}") = "SiteV2", "SiteV2", "{222E7A8E-FFE7-41CB-9AF9-F7B475F558A7}"
EndProject
Project("{9A19103F-16F7-4668-BE54-9A1E7A4F7556}") = "TCM.Presentation.Site", "src\1-Presentation\1.2-SiteV2\TCM.Presentation.Site\TCM.Presentation.Site.csproj", "{6FAEB9E3-3C34-40CF-8B79-5D4AC9167C02}"
EndProject
Global
	GlobalSection(SolutionConfigurationPlatforms) = preSolution
		Debug|Any CPU = Debug|Any CPU
		Release|Any CPU = Release|Any CPU
	EndGlobalSection
	GlobalSection(ProjectConfigurationPlatforms) = postSolution
		{0BE1899B-0B3E-4473-BEE0-CFF75E5CB328}.Debug|Any CPU.ActiveCfg = Debug|Any CPU
		{0BE1899B-0B3E-4473-BEE0-CFF75E5CB328}.Debug|Any CPU.Build.0 = Debug|Any CPU
		{0BE1899B-0B3E-4473-BEE0-CFF75E5CB328}.Release|Any CPU.ActiveCfg = Release|Any CPU
		{0BE1899B-0B3E-4473-BEE0-CFF75E5CB328}.Release|Any CPU.Build.0 = Release|Any CPU
		{BFDA2DC6-DE7A-4C17-9865-07B1AB32CA9C}.Debug|Any CPU.ActiveCfg = Debug|Any CPU
		{BFDA2DC6-DE7A-4C17-9865-07B1AB32CA9C}.Debug|Any CPU.Build.0 = Debug|Any CPU
		{BFDA2DC6-DE7A-4C17-9865-07B1AB32CA9C}.Release|Any CPU.ActiveCfg = Release|Any CPU
		{BFDA2DC6-DE7A-4C17-9865-07B1AB32CA9C}.Release|Any CPU.Build.0 = Release|Any CPU
		{BF65DF51-4D07-4D62-BBF2-74F2E8392082}.Debug|Any CPU.ActiveCfg = Debug|Any CPU
		{BF65DF51-4D07-4D62-BBF2-74F2E8392082}.Debug|Any CPU.Build.0 = Debug|Any CPU
		{BF65DF51-4D07-4D62-BBF2-74F2E8392082}.Release|Any CPU.ActiveCfg = Release|Any CPU
		{BF65DF51-4D07-4D62-BBF2-74F2E8392082}.Release|Any CPU.Build.0 = Release|Any CPU
		{EB2C0933-B991-4F5A-BB13-9B26DB677B1B}.Debug|Any CPU.ActiveCfg = Debug|Any CPU
		{EB2C0933-B991-4F5A-BB13-9B26DB677B1B}.Debug|Any CPU.Build.0 = Debug|Any CPU
		{EB2C0933-B991-4F5A-BB13-9B26DB677B1B}.Debug|Any CPU.Deploy.0 = Debug|Any CPU
		{EB2C0933-B991-4F5A-BB13-9B26DB677B1B}.Release|Any CPU.ActiveCfg = Release|Any CPU
		{EB2C0933-B991-4F5A-BB13-9B26DB677B1B}.Release|Any CPU.Build.0 = Release|Any CPU
		{EB2C0933-B991-4F5A-BB13-9B26DB677B1B}.Release|Any CPU.Deploy.0 = Release|Any CPU
		{6FAEB9E3-3C34-40CF-8B79-5D4AC9167C02}.Debug|Any CPU.ActiveCfg = Debug|Any CPU
		{6FAEB9E3-3C34-40CF-8B79-5D4AC9167C02}.Debug|Any CPU.Build.0 = Debug|Any CPU
		{6FAEB9E3-3C34-40CF-8B79-5D4AC9167C02}.Release|Any CPU.ActiveCfg = Release|Any CPU
		{6FAEB9E3-3C34-40CF-8B79-5D4AC9167C02}.Release|Any CPU.Build.0 = Release|Any CPU
	EndGlobalSection
	GlobalSection(SolutionProperties) = preSolution
		HideSolutionNode = FALSE
	EndGlobalSection
	GlobalSection(NestedProjects) = preSolution
		{E69B13C8-40B6-4F37-9C45-6494F54BC59C} = {64CC5A2C-A00D-44F0-A428-6858D24FC8C0}
		{7B900355-C4EE-4CD0-9C6C-E2447927014E} = {64CC5A2C-A00D-44F0-A428-6858D24FC8C0}
		{0BE1899B-0B3E-4473-BEE0-CFF75E5CB328} = {7B900355-C4EE-4CD0-9C6C-E2447927014E}
		{7675B6D0-F3BC-408B-9C74-68591C10442E} = {64CC5A2C-A00D-44F0-A428-6858D24FC8C0}
		{2D3568C6-5692-4B36-871D-FCB5C43E3526} = {7675B6D0-F3BC-408B-9C74-68591C10442E}
		{BFDA2DC6-DE7A-4C17-9865-07B1AB32CA9C} = {2D3568C6-5692-4B36-871D-FCB5C43E3526}
		{E9B5D196-D704-4DE3-9761-769AAF86DE9A} = {64CC5A2C-A00D-44F0-A428-6858D24FC8C0}
		{BF65DF51-4D07-4D62-BBF2-74F2E8392082} = {E9B5D196-D704-4DE3-9761-769AAF86DE9A}
		{FF1B0390-058F-4E0D-B052-ECA0C299E3AD} = {7675B6D0-F3BC-408B-9C74-68591C10442E}
		{EB2C0933-B991-4F5A-BB13-9B26DB677B1B} = {FF1B0390-058F-4E0D-B052-ECA0C299E3AD}
		{222E7A8E-FFE7-41CB-9AF9-F7B475F558A7} = {E69B13C8-40B6-4F37-9C45-6494F54BC59C}
		{6FAEB9E3-3C34-40CF-8B79-5D4AC9167C02} = {222E7A8E-FFE7-41CB-9AF9-F7B475F558A7}
	EndGlobalSection
	GlobalSection(ExtensibilityGlobals) = postSolution
		SolutionGuid = {CA8A129D-3CF0-4450-80C1-54041310C4E6}
	EndGlobalSection
EndGlobal
