
Microsoft Visual Studio Solution File, Format Version 12.00
# Visual Studio Version 17
VisualStudioVersion = 17.6.33717.318
MinimumVisualStudioVersion = 10.0.40219.1
Project("{2150E333-8FDC-42A3-9474-1A3956D46DE8}") = "1.0 - Presentantion", "1.0 - Presentantion", "{D72A38F0-EE69-4146-BE27-AC626D37274A}"
EndProject
Project("{2150E333-8FDC-42A3-9474-1A3956D46DE8}") = "1.1 - Site", "1.1 - Site", "{AAA5353B-56E0-4A38-BC8F-54932EC62D6C}"
EndProject
Project("{2150E333-8FDC-42A3-9474-1A3956D46DE8}") = "1.2 - API", "1.2 - API", "{1F6ECEA1-37A0-413A-9D8A-8E43FA992B78}"
EndProject
Project("{2150E333-8FDC-42A3-9474-1A3956D46DE8}") = "2.0 - Services", "2.0 - Services", "{65D2CDD4-2C06-45A4-98FF-13D6C9A4CAE4}"
EndProject
Project("{2150E333-8FDC-42A3-9474-1A3956D46DE8}") = "3.0 - Infra", "3.0 - Infra", "{20F700AB-956A-41E2-8DE0-4F69605F0AC8}"
EndProject
Project("{2150E333-8FDC-42A3-9474-1A3956D46DE8}") = "4.0 - CrossCutting", "4.0 - CrossCutting", "{B1D86657-70D7-40CF-A4EC-5B6CCC76F5EF}"
EndProject
Project("{9A19103F-16F7-4668-BE54-9A1E7A4F7556}") = "Rickytech.TCM.Services", "Rickytech.TCM.Services\Rickytech.TCM.Services.csproj", "{6FC2FCC8-5AFB-49A7-90EC-BE32EE380908}"
EndProject
Project("{9A19103F-16F7-4668-BE54-9A1E7A4F7556}") = "Rickytech.TCM.Infra", "Rickytech.TCM.Infra\Rickytech.TCM.Infra.csproj", "{762BE34B-05F5-4778-B93A-1DB5DCB2771F}"
EndProject
Project("{9A19103F-16F7-4668-BE54-9A1E7A4F7556}") = "Rickytech.CrossCutting", "Rickytech.CrossCutting\Rickytech.CrossCutting.csproj", "{DB84BA84-6D96-45A8-8F91-A59F1A941955}"
EndProject
Project("{9A19103F-16F7-4668-BE54-9A1E7A4F7556}") = "Rickytech.TCM.Presentation", "Rickytech.TCM.Presentation\Rickytech.TCM.Presentation.csproj", "{8B75C0BD-78DA-45B7-96A6-C7C99A6C8394}"
EndProject
Project("{E53339B2-1760-4266-BCC7-CA923CBCF16C}") = "docker-compose", "docker-compose.dcproj", "{B1FB1965-C348-4BE1-8E4B-EEA38676434B}"
EndProject
Global
	GlobalSection(SolutionConfigurationPlatforms) = preSolution
		Debug|Any CPU = Debug|Any CPU
		Release|Any CPU = Release|Any CPU
	EndGlobalSection
	GlobalSection(ProjectConfigurationPlatforms) = postSolution
		{6FC2FCC8-5AFB-49A7-90EC-BE32EE380908}.Debug|Any CPU.ActiveCfg = Debug|Any CPU
		{6FC2FCC8-5AFB-49A7-90EC-BE32EE380908}.Debug|Any CPU.Build.0 = Debug|Any CPU
		{6FC2FCC8-5AFB-49A7-90EC-BE32EE380908}.Release|Any CPU.ActiveCfg = Release|Any CPU
		{6FC2FCC8-5AFB-49A7-90EC-BE32EE380908}.Release|Any CPU.Build.0 = Release|Any CPU
		{762BE34B-05F5-4778-B93A-1DB5DCB2771F}.Debug|Any CPU.ActiveCfg = Debug|Any CPU
		{762BE34B-05F5-4778-B93A-1DB5DCB2771F}.Debug|Any CPU.Build.0 = Debug|Any CPU
		{762BE34B-05F5-4778-B93A-1DB5DCB2771F}.Release|Any CPU.ActiveCfg = Release|Any CPU
		{762BE34B-05F5-4778-B93A-1DB5DCB2771F}.Release|Any CPU.Build.0 = Release|Any CPU
		{DB84BA84-6D96-45A8-8F91-A59F1A941955}.Debug|Any CPU.ActiveCfg = Debug|Any CPU
		{DB84BA84-6D96-45A8-8F91-A59F1A941955}.Debug|Any CPU.Build.0 = Debug|Any CPU
		{DB84BA84-6D96-45A8-8F91-A59F1A941955}.Release|Any CPU.ActiveCfg = Release|Any CPU
		{DB84BA84-6D96-45A8-8F91-A59F1A941955}.Release|Any CPU.Build.0 = Release|Any CPU
		{8B75C0BD-78DA-45B7-96A6-C7C99A6C8394}.Debug|Any CPU.ActiveCfg = Debug|Any CPU
		{8B75C0BD-78DA-45B7-96A6-C7C99A6C8394}.Debug|Any CPU.Build.0 = Debug|Any CPU
		{8B75C0BD-78DA-45B7-96A6-C7C99A6C8394}.Release|Any CPU.ActiveCfg = Release|Any CPU
		{8B75C0BD-78DA-45B7-96A6-C7C99A6C8394}.Release|Any CPU.Build.0 = Release|Any CPU
		{B1FB1965-C348-4BE1-8E4B-EEA38676434B}.Debug|Any CPU.ActiveCfg = Debug|Any CPU
		{B1FB1965-C348-4BE1-8E4B-EEA38676434B}.Debug|Any CPU.Build.0 = Debug|Any CPU
		{B1FB1965-C348-4BE1-8E4B-EEA38676434B}.Release|Any CPU.ActiveCfg = Release|Any CPU
		{B1FB1965-C348-4BE1-8E4B-EEA38676434B}.Release|Any CPU.Build.0 = Release|Any CPU
	EndGlobalSection
	GlobalSection(SolutionProperties) = preSolution
		HideSolutionNode = FALSE
	EndGlobalSection
	GlobalSection(NestedProjects) = preSolution
		{AAA5353B-56E0-4A38-BC8F-54932EC62D6C} = {D72A38F0-EE69-4146-BE27-AC626D37274A}
		{1F6ECEA1-37A0-413A-9D8A-8E43FA992B78} = {D72A38F0-EE69-4146-BE27-AC626D37274A}
		{6FC2FCC8-5AFB-49A7-90EC-BE32EE380908} = {65D2CDD4-2C06-45A4-98FF-13D6C9A4CAE4}
		{762BE34B-05F5-4778-B93A-1DB5DCB2771F} = {20F700AB-956A-41E2-8DE0-4F69605F0AC8}
		{DB84BA84-6D96-45A8-8F91-A59F1A941955} = {B1D86657-70D7-40CF-A4EC-5B6CCC76F5EF}
		{8B75C0BD-78DA-45B7-96A6-C7C99A6C8394} = {AAA5353B-56E0-4A38-BC8F-54932EC62D6C}
	EndGlobalSection
	GlobalSection(ExtensibilityGlobals) = postSolution
		SolutionGuid = {34DCB5F1-0EF0-433F-BF6C-E16B89CFBA38}
	EndGlobalSection
EndGlobal
